
Microsoft Visual Studio Solution File, Format Version 12.00
# Visual Studio Version 17
VisualStudioVersion = 17.3.32922.545
MinimumVisualStudioVersion = 10.0.40219.1
Project("{FAE04EC0-301F-11D3-BF4B-00C04F79EFBC}") = "AbbyTryout", "AbbyTryout.csproj", "{083DA848-FC0A-4C9A-827C-F1220CE22B17}"
EndProject
Global
	GlobalSection(SolutionConfigurationPlatforms) = preSolution
		Debug|Any CPU = Debug|Any CPU
		Release|Any CPU = Release|Any CPU
	EndGlobalSection
	GlobalSection(ProjectConfigurationPlatforms) = postSolution
		{083DA848-FC0A-4C9A-827C-F1220CE22B17}.Debug|Any CPU.ActiveCfg = Debug|Any CPU
		{083DA848-FC0A-4C9A-827C-F1220CE22B17}.Debug|Any CPU.Build.0 = Debug|Any CPU
		{083DA848-FC0A-4C9A-827C-F1220CE22B17}.Release|Any CPU.ActiveCfg = Release|Any CPU
		{083DA848-FC0A-4C9A-827C-F1220CE22B17}.Release|Any CPU.Build.0 = Release|Any CPU
	EndGlobalSection
	GlobalSection(SolutionProperties) = preSolution
		HideSolutionNode = FALSE
	EndGlobalSection
	GlobalSection(ExtensibilityGlobals) = postSolution
		SolutionGuid = {B34A812E-541E-473D-831D-4EEBB7FCB5E3}
	EndGlobalSection
EndGlobal
